
Microsoft Visual Studio Solution File, Format Version 12.00
# Visual Studio Version 16
VisualStudioVersion = 16.0.32228.343
MinimumVisualStudioVersion = 10.0.40219.1
Project("{FAE04EC0-301F-11D3-BF4B-00C04F79EFBC}") = "Bigschooll", "Bigschooll\Bigschooll.csproj", "{509BD352-B28F-49C3-9C44-966B5F4CDE31}"
EndProject
Global
	GlobalSection(SolutionConfigurationPlatforms) = preSolution
		Debug|Any CPU = Debug|Any CPU
		Release|Any CPU = Release|Any CPU
	EndGlobalSection
	GlobalSection(ProjectConfigurationPlatforms) = postSolution
		{509BD352-B28F-49C3-9C44-966B5F4CDE31}.Debug|Any CPU.ActiveCfg = Debug|Any CPU
		{509BD352-B28F-49C3-9C44-966B5F4CDE31}.Debug|Any CPU.Build.0 = Debug|Any CPU
		{509BD352-B28F-49C3-9C44-966B5F4CDE31}.Release|Any CPU.ActiveCfg = Release|Any CPU
		{509BD352-B28F-49C3-9C44-966B5F4CDE31}.Release|Any CPU.Build.0 = Release|Any CPU
	EndGlobalSection
	GlobalSection(SolutionProperties) = preSolution
		HideSolutionNode = FALSE
	EndGlobalSection
	GlobalSection(ExtensibilityGlobals) = postSolution
		SolutionGuid = {4584ECB7-B269-405B-9520-E70C7CB5B3BE}
	EndGlobalSection
EndGlobal
